// !$*UTF8*$!
{
	archiveVersion = 1;
	classes = {
	};
	objectVersion = 50;
	objects = {

/* Begin PBXBuildFile section */
		1A84D6DC20C0C69A00B569AE /* AppDelegate.swift in Sources */ = {isa = PBXBuildFile; fileRef = 1A84D6DB20C0C69A00B569AE /* AppDelegate.swift */; };
		1A84D6DE20C0C69A00B569AE /* ViewController.swift in Sources */ = {isa = PBXBuildFile; fileRef = 1A84D6DD20C0C69A00B569AE /* ViewController.swift */; };
		1A84D6E120C0C69A00B569AE /* Main.storyboard in Resources */ = {isa = PBXBuildFile; fileRef = 1A84D6DF20C0C69A00B569AE /* Main.storyboard */; };
		1A84D6E320C0C69D00B569AE /* Assets.xcassets in Resources */ = {isa = PBXBuildFile; fileRef = 1A84D6E220C0C69D00B569AE /* Assets.xcassets */; };
		1A84D6E620C0C69D00B569AE /* LaunchScreen.storyboard in Resources */ = {isa = PBXBuildFile; fileRef = 1A84D6E420C0C69D00B569AE /* LaunchScreen.storyboard */; };
		1A84D6F120C0C69D00B569AE /* GraphicsTestTests.swift in Sources */ = {isa = PBXBuildFile; fileRef = 1A84D6F020C0C69D00B569AE /* GraphicsTestTests.swift */; };
		1A84D6FC20C0C69D00B569AE /* GraphicsTestUITests.swift in Sources */ = {isa = PBXBuildFile; fileRef = 1A84D6FB20C0C69D00B569AE /* GraphicsTestUITests.swift */; };
/* End PBXBuildFile section */

/* Begin PBXContainerItemProxy section */
		1A84D6ED20C0C69D00B569AE /* PBXContainerItemProxy */ = {
			isa = PBXContainerItemProxy;
			containerPortal = 1A84D6D020C0C69A00B569AE /* Project object */;
			proxyType = 1;
			remoteGlobalIDString = 1A84D6D720C0C69A00B569AE;
			remoteInfo = GraphicsTest;
		};
		1A84D6F820C0C69D00B569AE /* PBXContainerItemProxy */ = {
			isa = PBXContainerItemProxy;
			containerPortal = 1A84D6D020C0C69A00B569AE /* Project object */;
			proxyType = 1;
			remoteGlobalIDString = 1A84D6D720C0C69A00B569AE;
			remoteInfo = GraphicsTest;
		};
/* End PBXContainerItemProxy section */

/* Begin PBXFileReference section */
		1A84D6D820C0C69A00B569AE /* GraphicsTest.app */ = {isa = PBXFileReference; explicitFileType = wrapper.application; includeInIndex = 0; path = GraphicsTest.app; sourceTree = BUILT_PRODUCTS_DIR; };
		1A84D6DB20C0C69A00B569AE /* AppDelegate.swift */ = {isa = PBXFileReference; lastKnownFileType = sourcecode.swift; path = AppDelegate.swift; sourceTree = "<group>"; };
		1A84D6DD20C0C69A00B569AE /* ViewController.swift */ = {isa = PBXFileReference; lastKnownFileType = sourcecode.swift; path = ViewController.swift; sourceTree = "<group>"; };
		1A84D6E020C0C69A00B569AE /* Base */ = {isa = PBXFileReference; lastKnownFileType = file.storyboard; name = Base; path = Base.lproj/Main.storyboard; sourceTree = "<group>"; };
		1A84D6E220C0C69D00B569AE /* Assets.xcassets */ = {isa = PBXFileReference; lastKnownFileType = folder.assetcatalog; path = Assets.xcassets; sourceTree = "<group>"; };
		1A84D6E520C0C69D00B569AE /* Base */ = {isa = PBXFileReference; lastKnownFileType = file.storyboard; name = Base; path = Base.lproj/LaunchScreen.storyboard; sourceTree = "<group>"; };
		1A84D6E720C0C69D00B569AE /* Info.plist */ = {isa = PBXFileReference; lastKnownFileType = text.plist.xml; path = Info.plist; sourceTree = "<group>"; };
		1A84D6EC20C0C69D00B569AE /* GraphicsTestTests.xctest */ = {isa = PBXFileReference; explicitFileType = wrapper.cfbundle; includeInIndex = 0; path = GraphicsTestTests.xctest; sourceTree = BUILT_PRODUCTS_DIR; };
		1A84D6F020C0C69D00B569AE /* GraphicsTestTests.swift */ = {isa = PBXFileReference; lastKnownFileType = sourcecode.swift; path = GraphicsTestTests.swift; sourceTree = "<group>"; };
		1A84D6F220C0C69D00B569AE /* Info.plist */ = {isa = PBXFileReference; lastKnownFileType = text.plist.xml; path = Info.plist; sourceTree = "<group>"; };
		1A84D6F720C0C69D00B569AE /* GraphicsTestUITests.xctest */ = {isa = PBXFileReference; explicitFileType = wrapper.cfbundle; includeInIndex = 0; path = GraphicsTestUITests.xctest; sourceTree = BUILT_PRODUCTS_DIR; };
		1A84D6FB20C0C69D00B569AE /* GraphicsTestUITests.swift */ = {isa = PBXFileReference; lastKnownFileType = sourcecode.swift; path = GraphicsTestUITests.swift; sourceTree = "<group>"; };
		1A84D6FD20C0C69D00B569AE /* Info.plist */ = {isa = PBXFileReference; lastKnownFileType = text.plist.xml; path = Info.plist; sourceTree = "<group>"; };
/* End PBXFileReference section */

/* Begin PBXFrameworksBuildPhase section */
		1A84D6D520C0C69A00B569AE /* Frameworks */ = {
			isa = PBXFrameworksBuildPhase;
			buildActionMask = 2147483647;
			files = (
			);
			runOnlyForDeploymentPostprocessing = 0;
		};
		1A84D6E920C0C69D00B569AE /* Frameworks */ = {
			isa = PBXFrameworksBuildPhase;
			buildActionMask = 2147483647;
			files = (
			);
			runOnlyForDeploymentPostprocessing = 0;
		};
		1A84D6F420C0C69D00B569AE /* Frameworks */ = {
			isa = PBXFrameworksBuildPhase;
			buildActionMask = 2147483647;
			files = (
			);
			runOnlyForDeploymentPostprocessing = 0;
		};
/* End PBXFrameworksBuildPhase section */

/* Begin PBXGroup section */
		1A84D6CF20C0C69A00B569AE = {
			isa = PBXGroup;
			children = (
				1A84D6DA20C0C69A00B569AE /* GraphicsTest */,
				1A84D6EF20C0C69D00B569AE /* GraphicsTestTests */,
				1A84D6FA20C0C69D00B569AE /* GraphicsTestUITests */,
				1A84D6D920C0C69A00B569AE /* Products */,
			);
			sourceTree = "<group>";
		};
		1A84D6D920C0C69A00B569AE /* Products */ = {
			isa = PBXGroup;
			children = (
				1A84D6D820C0C69A00B569AE /* GraphicsTest.app */,
				1A84D6EC20C0C69D00B569AE /* GraphicsTestTests.xctest */,
				1A84D6F720C0C69D00B569AE /* GraphicsTestUITests.xctest */,
			);
			name = Products;
			sourceTree = "<group>";
		};
		1A84D6DA20C0C69A00B569AE /* GraphicsTest */ = {
			isa = PBXGroup;
			children = (
				1A84D6DB20C0C69A00B569AE /* AppDelegate.swift */,
				1A84D6DD20C0C69A00B569AE /* ViewController.swift */,
				1A84D6DF20C0C69A00B569AE /* Main.storyboard */,
				1A84D6E220C0C69D00B569AE /* Assets.xcassets */,
				1A84D6E420C0C69D00B569AE /* LaunchScreen.storyboard */,
				1A84D6E720C0C69D00B569AE /* Info.plist */,
			);
			path = GraphicsTest;
			sourceTree = "<group>";
		};
		1A84D6EF20C0C69D00B569AE /* GraphicsTestTests */ = {
			isa = PBXGroup;
			children = (
				1A84D6F020C0C69D00B569AE /* GraphicsTestTests.swift */,
				1A84D6F220C0C69D00B569AE /* Info.plist */,
			);
			path = GraphicsTestTests;
			sourceTree = "<group>";
		};
		1A84D6FA20C0C69D00B569AE /* GraphicsTestUITests */ = {
			isa = PBXGroup;
			children = (
				1A84D6FB20C0C69D00B569AE /* GraphicsTestUITests.swift */,
				1A84D6FD20C0C69D00B569AE /* Info.plist */,
			);
			path = GraphicsTestUITests;
			sourceTree = "<group>";
		};
/* End PBXGroup section */

/* Begin PBXNativeTarget section */
		1A84D6D720C0C69A00B569AE /* GraphicsTest */ = {
			isa = PBXNativeTarget;
			buildConfigurationList = 1A84D70020C0C69D00B569AE /* Build configuration list for PBXNativeTarget "GraphicsTest" */;
			buildPhases = (
				1A84D6D420C0C69A00B569AE /* Sources */,
				1A84D6D520C0C69A00B569AE /* Frameworks */,
				1A84D6D620C0C69A00B569AE /* Resources */,
			);
			buildRules = (
			);
			dependencies = (
			);
			name = GraphicsTest;
			productName = GraphicsTest;
			productReference = 1A84D6D820C0C69A00B569AE /* GraphicsTest.app */;
			productType = "com.apple.product-type.application";
		};
		1A84D6EB20C0C69D00B569AE /* GraphicsTestTests */ = {
			isa = PBXNativeTarget;
			buildConfigurationList = 1A84D70320C0C69D00B569AE /* Build configuration list for PBXNativeTarget "GraphicsTestTests" */;
			buildPhases = (
				1A84D6E820C0C69D00B569AE /* Sources */,
				1A84D6E920C0C69D00B569AE /* Frameworks */,
				1A84D6EA20C0C69D00B569AE /* Resources */,
			);
			buildRules = (
			);
			dependencies = (
				1A84D6EE20C0C69D00B569AE /* PBXTargetDependency */,
			);
			name = GraphicsTestTests;
			productName = GraphicsTestTests;
			productReference = 1A84D6EC20C0C69D00B569AE /* GraphicsTestTests.xctest */;
			productType = "com.apple.product-type.bundle.unit-test";
		};
		1A84D6F620C0C69D00B569AE /* GraphicsTestUITests */ = {
			isa = PBXNativeTarget;
			buildConfigurationList = 1A84D70620C0C69D00B569AE /* Build configuration list for PBXNativeTarget "GraphicsTestUITests" */;
			buildPhases = (
				1A84D6F320C0C69D00B569AE /* Sources */,
				1A84D6F420C0C69D00B569AE /* Frameworks */,
				1A84D6F520C0C69D00B569AE /* Resources */,
			);
			buildRules = (
			);
			dependencies = (
				1A84D6F920C0C69D00B569AE /* PBXTargetDependency */,
			);
			name = GraphicsTestUITests;
			productName = GraphicsTestUITests;
			productReference = 1A84D6F720C0C69D00B569AE /* GraphicsTestUITests.xctest */;
			productType = "com.apple.product-type.bundle.ui-testing";
		};
/* End PBXNativeTarget section */

/* Begin PBXProject section */
		1A84D6D020C0C69A00B569AE /* Project object */ = {
			isa = PBXProject;
			attributes = {
				LastSwiftUpdateCheck = 0930;
				LastUpgradeCheck = 0930;
				ORGANIZATIONNAME = "James Clarke";
				TargetAttributes = {
					1A84D6D720C0C69A00B569AE = {
						CreatedOnToolsVersion = 9.3.1;
					};
					1A84D6EB20C0C69D00B569AE = {
						CreatedOnToolsVersion = 9.3.1;
						TestTargetID = 1A84D6D720C0C69A00B569AE;
					};
					1A84D6F620C0C69D00B569AE = {
						CreatedOnToolsVersion = 9.3.1;
						TestTargetID = 1A84D6D720C0C69A00B569AE;
					};
				};
			};
			buildConfigurationList = 1A84D6D320C0C69A00B569AE /* Build configuration list for PBXProject "GraphicsTest" */;
			compatibilityVersion = "Xcode 9.3";
			developmentRegion = en;
			hasScannedForEncodings = 0;
			knownRegions = (
				en,
				Base,
			);
			mainGroup = 1A84D6CF20C0C69A00B569AE;
			productRefGroup = 1A84D6D920C0C69A00B569AE /* Products */;
			projectDirPath = "";
			projectRoot = "";
			targets = (
				1A84D6D720C0C69A00B569AE /* GraphicsTest */,
				1A84D6EB20C0C69D00B569AE /* GraphicsTestTests */,
				1A84D6F620C0C69D00B569AE /* GraphicsTestUITests */,
			);
		};
/* End PBXProject section */

/* Begin PBXResourcesBuildPhase section */
		1A84D6D620C0C69A00B569AE /* Resources */ = {
			isa = PBXResourcesBuildPhase;
			buildActionMask = 2147483647;
			files = (
				1A84D6E620C0C69D00B569AE /* LaunchScreen.storyboard in Resources */,
				1A84D6E320C0C69D00B569AE /* Assets.xcassets in Resources */,
				1A84D6E120C0C69A00B569AE /* Main.storyboard in Resources */,
			);
			runOnlyForDeploymentPostprocessing = 0;
		};
		1A84D6EA20C0C69D00B569AE /* Resources */ = {
			isa = PBXResourcesBuildPhase;
			buildActionMask = 2147483647;
			files = (
			);
			runOnlyForDeploymentPostprocessing = 0;
		};
		1A84D6F520C0C69D00B569AE /* Resources */ = {
			isa = PBXResourcesBuildPhase;
			buildActionMask = 2147483647;
			files = (
			);
			runOnlyForDeploymentPostprocessing = 0;
		};
/* End PBXResourcesBuildPhase section */

/* Begin PBXSourcesBuildPhase section */
		1A84D6D420C0C69A00B569AE /* Sources */ = {
			isa = PBXSourcesBuildPhase;
			buildActionMask = 2147483647;
			files = (
				1A84D6DE20C0C69A00B569AE /* ViewController.swift in Sources */,
				1A84D6DC20C0C69A00B569AE /* AppDelegate.swift in Sources */,
			);
			runOnlyForDeploymentPostprocessing = 0;
		};
		1A84D6E820C0C69D00B569AE /* Sources */ = {
			isa = PBXSourcesBuildPhase;
			buildActionMask = 2147483647;
			files = (
				1A84D6F120C0C69D00B569AE /* GraphicsTestTests.swift in Sources */,
			);
			runOnlyForDeploymentPostprocessing = 0;
		};
		1A84D6F320C0C69D00B569AE /* Sources */ = {
			isa = PBXSourcesBuildPhase;
			buildActionMask = 2147483647;
			files = (
				1A84D6FC20C0C69D00B569AE /* GraphicsTestUITests.swift in Sources */,
			);
			runOnlyForDeploymentPostprocessing = 0;
		};
/* End PBXSourcesBuildPhase section */

/* Begin PBXTargetDependency section */
		1A84D6EE20C0C69D00B569AE /* PBXTargetDependency */ = {
			isa = PBXTargetDependency;
			target = 1A84D6D720C0C69A00B569AE /* GraphicsTest */;
			targetProxy = 1A84D6ED20C0C69D00B569AE /* PBXContainerItemProxy */;
		};
		1A84D6F920C0C69D00B569AE /* PBXTargetDependency */ = {
			isa = PBXTargetDependency;
			target = 1A84D6D720C0C69A00B569AE /* GraphicsTest */;
			targetProxy = 1A84D6F820C0C69D00B569AE /* PBXContainerItemProxy */;
		};
/* End PBXTargetDependency section */

/* Begin PBXVariantGroup section */
		1A84D6DF20C0C69A00B569AE /* Main.storyboard */ = {
			isa = PBXVariantGroup;
			children = (
				1A84D6E020C0C69A00B569AE /* Base */,
			);
			name = Main.storyboard;
			sourceTree = "<group>";
		};
		1A84D6E420C0C69D00B569AE /* LaunchScreen.storyboard */ = {
			isa = PBXVariantGroup;
			children = (
				1A84D6E520C0C69D00B569AE /* Base */,
			);
			name = LaunchScreen.storyboard;
			sourceTree = "<group>";
		};
/* End PBXVariantGroup section */

/* Begin XCBuildConfiguration section */
		1A84D6FE20C0C69D00B569AE /* Debug */ = {
			isa = XCBuildConfiguration;
			buildSettings = {
				ALWAYS_SEARCH_USER_PATHS = NO;
				CLANG_ANALYZER_NONNULL = YES;
				CLANG_ANALYZER_NUMBER_OBJECT_CONVERSION = YES_AGGRESSIVE;
				CLANG_CXX_LANGUAGE_STANDARD = "gnu++14";
				CLANG_CXX_LIBRARY = "libc++";
				CLANG_ENABLE_MODULES = YES;
				CLANG_ENABLE_OBJC_ARC = YES;
				CLANG_ENABLE_OBJC_WEAK = YES;
				CLANG_WARN_BLOCK_CAPTURE_AUTORELEASING = YES;
				CLANG_WARN_BOOL_CONVERSION = YES;
				CLANG_WARN_COMMA = YES;
				CLANG_WARN_CONSTANT_CONVERSION = YES;
				CLANG_WARN_DEPRECATED_OBJC_IMPLEMENTATIONS = YES;
				CLANG_WARN_DIRECT_OBJC_ISA_USAGE = YES_ERROR;
				CLANG_WARN_DOCUMENTATION_COMMENTS = YES;
				CLANG_WARN_EMPTY_BODY = YES;
				CLANG_WARN_ENUM_CONVERSION = YES;
				CLANG_WARN_INFINITE_RECURSION = YES;
				CLANG_WARN_INT_CONVERSION = YES;
				CLANG_WARN_NON_LITERAL_NULL_CONVERSION = YES;
				CLANG_WARN_OBJC_IMPLICIT_RETAIN_SELF = YES;
				CLANG_WARN_OBJC_LITERAL_CONVERSION = YES;
				CLANG_WARN_OBJC_ROOT_CLASS = YES_ERROR;
				CLANG_WARN_RANGE_LOOP_ANALYSIS = YES;
				CLANG_WARN_STRICT_PROTOTYPES = YES;
				CLANG_WARN_SUSPICIOUS_MOVE = YES;
				CLANG_WARN_UNGUARDED_AVAILABILITY = YES_AGGRESSIVE;
				CLANG_WARN_UNREACHABLE_CODE = YES;
				CLANG_WARN__DUPLICATE_METHOD_MATCH = YES;
				CODE_SIGN_IDENTITY = "iPhone Developer";
				COPY_PHASE_STRIP = NO;
				DEBUG_INFORMATION_FORMAT = dwarf;
				ENABLE_STRICT_OBJC_MSGSEND = YES;
				ENABLE_TESTABILITY = YES;
				GCC_C_LANGUAGE_STANDARD = gnu11;
				GCC_DYNAMIC_NO_PIC = NO;
				GCC_NO_COMMON_BLOCKS = YES;
				GCC_OPTIMIZATION_LEVEL = 0;
				GCC_PREPROCESSOR_DEFINITIONS = (
					"DEBUG=1",
					"$(inherited)",
				);
				GCC_WARN_64_TO_32_BIT_CONVERSION = YES;
				GCC_WARN_ABOUT_RETURN_TYPE = YES_ERROR;
				GCC_WARN_UNDECLARED_SELECTOR = YES;
				GCC_WARN_UNINITIALIZED_AUTOS = YES_AGGRESSIVE;
				GCC_WARN_UNUSED_FUNCTION = YES;
				GCC_WARN_UNUSED_VARIABLE = YES;
				IPHONEOS_DEPLOYMENT_TARGET = 11.3;
				MTL_ENABLE_DEBUG_INFO = YES;
				ONLY_ACTIVE_ARCH = YES;
				SDKROOT = iphoneos;
				SWIFT_ACTIVE_COMPILATION_CONDITIONS = DEBUG;
				SWIFT_OPTIMIZATION_LEVEL = "-Onone";
			};
			name = Debug;
		};
		1A84D6FF20C0C69D00B569AE /* Release */ = {
			isa = XCBuildConfiguration;
			buildSettings = {
				ALWAYS_SEARCH_USER_PATHS = NO;
				CLANG_ANALYZER_NONNULL = YES;
				CLANG_ANALYZER_NUMBER_OBJECT_CONVERSION = YES_AGGRESSIVE;
				CLANG_CXX_LANGUAGE_STANDARD = "gnu++14";
				CLANG_CXX_LIBRARY = "libc++";
				CLANG_ENABLE_MODULES = YES;
				CLANG_ENABLE_OBJC_ARC = YES;
				CLANG_ENABLE_OBJC_WEAK = YES;
				CLANG_WARN_BLOCK_CAPTURE_AUTORELEASING = YES;
				CLANG_WARN_BOOL_CONVERSION = YES;
				CLANG_WARN_COMMA = YES;
				CLANG_WARN_CONSTANT_CONVERSION = YES;
				CLANG_WARN_DEPRECATED_OBJC_IMPLEMENTATIONS = YES;
				CLANG_WARN_DIRECT_OBJC_ISA_USAGE = YES_ERROR;
				CLANG_WARN_DOCUMENTATION_COMMENTS = YES;
				CLANG_WARN_EMPTY_BODY = YES;
				CLANG_WARN_ENUM_CONVERSION = YES;
				CLANG_WARN_INFINITE_RECURSION = YES;
				CLANG_WARN_INT_CONVERSION = YES;
				CLANG_WARN_NON_LITERAL_NULL_CONVERSION = YES;
				CLANG_WARN_OBJC_IMPLICIT_RETAIN_SELF = YES;
				CLANG_WARN_OBJC_LITERAL_CONVERSION = YES;
				CLANG_WARN_OBJC_ROOT_CLASS = YES_ERROR;
				CLANG_WARN_RANGE_LOOP_ANALYSIS = YES;
				CLANG_WARN_STRICT_PROTOTYPES = YES;
				CLANG_WARN_SUSPICIOUS_MOVE = YES;
				CLANG_WARN_UNGUARDED_AVAILABILITY = YES_AGGRESSIVE;
				CLANG_WARN_UNREACHABLE_CODE = YES;
				CLANG_WARN__DUPLICATE_METHOD_MATCH = YES;
				CODE_SIGN_IDENTITY = "iPhone Developer";
				COPY_PHASE_STRIP = NO;
				DEBUG_INFORMATION_FORMAT = "dwarf-with-dsym";
				ENABLE_NS_ASSERTIONS = NO;
				ENABLE_STRICT_OBJC_MSGSEND = YES;
				GCC_C_LANGUAGE_STANDARD = gnu11;
				GCC_NO_COMMON_BLOCKS = YES;
				GCC_WARN_64_TO_32_BIT_CONVERSION = YES;
				GCC_WARN_ABOUT_RETURN_TYPE = YES_ERROR;
				GCC_WARN_UNDECLARED_SELECTOR = YES;
				GCC_WARN_UNINITIALIZED_AUTOS = YES_AGGRESSIVE;
				GCC_WARN_UNUSED_FUNCTION = YES;
				GCC_WARN_UNUSED_VARIABLE = YES;
				IPHONEOS_DEPLOYMENT_TARGET = 11.3;
				MTL_ENABLE_DEBUG_INFO = NO;
				SDKROOT = iphoneos;
				SWIFT_COMPILATION_MODE = wholemodule;
				SWIFT_OPTIMIZATION_LEVEL = "-O";
				VALIDATE_PRODUCT = YES;
			};
			name = Release;
		};
		1A84D70120C0C69D00B569AE /* Debug */ = {
			isa = XCBuildConfiguration;
			buildSettings = {
				ASSETCATALOG_COMPILER_APPICON_NAME = AppIcon;
				CODE_SIGN_STYLE = Automatic;
				INFOPLIST_FILE = GraphicsTest/Info.plist;
				LD_RUNPATH_SEARCH_PATHS = (
					"$(inherited)",
					"@executable_path/Frameworks",
				);
				PRODUCT_BUNDLE_IDENTIFIER = net.clarkezone.GraphicsTest;
				PRODUCT_NAME = "$(TARGET_NAME)";
				SWIFT_VERSION = 4.0;
				TARGETED_DEVICE_FAMILY = "1,2";
			};
			name = Debug;
		};
		1A84D70220C0C69D00B569AE /* Release */ = {
			isa = XCBuildConfiguration;
			buildSettings = {
				ASSETCATALOG_COMPILER_APPICON_NAME = AppIcon;
				CODE_SIGN_STYLE = Automatic;
				INFOPLIST_FILE = GraphicsTest/Info.plist;
				LD_RUNPATH_SEARCH_PATHS = (
					"$(inherited)",
					"@executable_path/Frameworks",
				);
				PRODUCT_BUNDLE_IDENTIFIER = net.clarkezone.GraphicsTest;
				PRODUCT_NAME = "$(TARGET_NAME)";
				SWIFT_VERSION = 4.0;
				TARGETED_DEVICE_FAMILY = "1,2";
			};
			name = Release;
		};
		1A84D70420C0C69D00B569AE /* Debug */ = {
			isa = XCBuildConfiguration;
			buildSettings = {
				ALWAYS_EMBED_SWIFT_STANDARD_LIBRARIES = YES;
				BUNDLE_LOADER = "$(TEST_HOST)";
				CODE_SIGN_STYLE = Automatic;
				INFOPLIST_FILE = GraphicsTestTests/Info.plist;
				LD_RUNPATH_SEARCH_PATHS = (
					"$(inherited)",
					"@executable_path/Frameworks",
					"@loader_path/Frameworks",
				);
				PRODUCT_BUNDLE_IDENTIFIER = net.clarkezone.GraphicsTestTests;
				PRODUCT_NAME = "$(TARGET_NAME)";
				SWIFT_VERSION = 4.0;
				TARGETED_DEVICE_FAMILY = "1,2";
				TEST_HOST = "$(BUILT_PRODUCTS_DIR)/GraphicsTest.app/GraphicsTest";
			};
			name = Debug;
		};
		1A84D70520C0C69D00B569AE /* Release */ = {
			isa = XCBuildConfiguration;
			buildSettings = {
				ALWAYS_EMBED_SWIFT_STANDARD_LIBRARIES = YES;
				BUNDLE_LOADER = "$(TEST_HOST)";
				CODE_SIGN_STYLE = Automatic;
				INFOPLIST_FILE = GraphicsTestTests/Info.plist;
				LD_RUNPATH_SEARCH_PATHS = (
					"$(inherited)",
					"@executable_path/Frameworks",
					"@loader_path/Frameworks",
				);
				PRODUCT_BUNDLE_IDENTIFIER = net.clarkezone.GraphicsTestTests;
				PRODUCT_NAME = "$(TARGET_NAME)";
				SWIFT_VERSION = 4.0;
				TARGETED_DEVICE_FAMILY = "1,2";
				TEST_HOST = "$(BUILT_PRODUCTS_DIR)/GraphicsTest.app/GraphicsTest";
			};
			name = Release;
		};
		1A84D70720C0C69D00B569AE /* Debug */ = {
			isa = XCBuildConfiguration;
			buildSettings = {
				ALWAYS_EMBED_SWIFT_STANDARD_LIBRARIES = YES;
				CODE_SIGN_STYLE = Automatic;
				INFOPLIST_FILE = GraphicsTestUITests/Info.plist;
				LD_RUNPATH_SEARCH_PATHS = (
					"$(inherited)",
					"@executable_path/Frameworks",
					"@loader_path/Frameworks",
				);
				PRODUCT_BUNDLE_IDENTIFIER = net.clarkezone.GraphicsTestUITests;
				PRODUCT_NAME = "$(TARGET_NAME)";
				SWIFT_VERSION = 4.0;
				TARGETED_DEVICE_FAMILY = "1,2";
				TEST_TARGET_NAME = GraphicsTest;
			};
			name = Debug;
		};
		1A84D70820C0C69D00B569AE /* Release */ = {
			isa = XCBuildConfiguration;
			buildSettings = {
				ALWAYS_EMBED_SWIFT_STANDARD_LIBRARIES = YES;
				CODE_SIGN_STYLE = Automatic;
				INFOPLIST_FILE = GraphicsTestUITests/Info.plist;
				LD_RUNPATH_SEARCH_PATHS = (
					"$(inherited)",
					"@executable_path/Frameworks",
					"@loader_path/Frameworks",
				);
				PRODUCT_BUNDLE_IDENTIFIER = net.clarkezone.GraphicsTestUITests;
				PRODUCT_NAME = "$(TARGET_NAME)";
				SWIFT_VERSION = 4.0;
				TARGETED_DEVICE_FAMILY = "1,2";
				TEST_TARGET_NAME = GraphicsTest;
			};
			name = Release;
		};
/* End XCBuildConfiguration section */

/* Begin XCConfigurationList section */
		1A84D6D320C0C69A00B569AE /* Build configuration list for PBXProject "GraphicsTest" */ = {
			isa = XCConfigurationList;
			buildConfigurations = (
				1A84D6FE20C0C69D00B569AE /* Debug */,
				1A84D6FF20C0C69D00B569AE /* Release */,
			);
			defaultConfigurationIsVisible = 0;
			defaultConfigurationName = Release;
		};
		1A84D70020C0C69D00B569AE /* Build configuration list for PBXNativeTarget "GraphicsTest" */ = {
			isa = XCConfigurationList;
			buildConfigurations = (
				1A84D70120C0C69D00B569AE /* Debug */,
				1A84D70220C0C69D00B569AE /* Release */,
			);
			defaultConfigurationIsVisible = 0;
			defaultConfigurationName = Release;
		};
		1A84D70320C0C69D00B569AE /* Build configuration list for PBXNativeTarget "GraphicsTestTests" */ = {
			isa = XCConfigurationList;
			buildConfigurations = (
				1A84D70420C0C69D00B569AE /* Debug */,
				1A84D70520C0C69D00B569AE /* Release */,
			);
			defaultConfigurationIsVisible = 0;
			defaultConfigurationName = Release;
		};
		1A84D70620C0C69D00B569AE /* Build configuration list for PBXNativeTarget "GraphicsTestUITests" */ = {
			isa = XCConfigurationList;
			buildConfigurations = (
				1A84D70720C0C69D00B569AE /* Debug */,
				1A84D70820C0C69D00B569AE /* Release */,
			);
			defaultConfigurationIsVisible = 0;
			defaultConfigurationName = Release;
		};
/* End XCConfigurationList section */
	};
	rootObject = 1A84D6D020C0C69A00B569AE /* Project object */;
}
